
Microsoft Visual Studio Solution File, Format Version 12.00
# Visual Studio 15
VisualStudioVersion = 15.0.26730.16
MinimumVisualStudioVersion = 10.0.40219.1
Project("{FAE04EC0-301F-11D3-BF4B-00C04F79EFBC}") = "QuickStartTwo", "QuickStartTwo.csproj", "{D9B73F60-FDE1-4E62-974F-C1EB8427A88F}"
EndProject
Global
	GlobalSection(SolutionConfigurationPlatforms) = preSolution
		Debug|Any CPU = Debug|Any CPU
		Release|Any CPU = Release|Any CPU
	EndGlobalSection
	GlobalSection(ProjectConfigurationPlatforms) = postSolution
		{D9B73F60-FDE1-4E62-974F-C1EB8427A88F}.Debug|Any CPU.ActiveCfg = Debug|Any CPU
		{D9B73F60-FDE1-4E62-974F-C1EB8427A88F}.Debug|Any CPU.Build.0 = Debug|Any CPU
		{D9B73F60-FDE1-4E62-974F-C1EB8427A88F}.Release|Any CPU.ActiveCfg = Release|Any CPU
		{D9B73F60-FDE1-4E62-974F-C1EB8427A88F}.Release|Any CPU.Build.0 = Release|Any CPU
	EndGlobalSection
	GlobalSection(SolutionProperties) = preSolution
		HideSolutionNode = FALSE
	EndGlobalSection
	GlobalSection(ExtensibilityGlobals) = postSolution
		SolutionGuid = {E81D7C41-2A58-44A1-ACF3-B6CBD3D47446}
	EndGlobalSection
EndGlobal
