
Microsoft Visual Studio Solution File, Format Version 12.00
# Visual Studio 15
VisualStudioVersion = 15.0.26730.3
MinimumVisualStudioVersion = 10.0.40219.1
Project("{2150E333-8FDC-42A3-9474-1A3956D46DE8}") = "Solution Items", "Solution Items", "{380DD0DC-2450-49AF-A7C6-5ADAB32EE954}"
	ProjectSection(SolutionItems) = preProject
		Composer1.vsmdi = Composer1.vsmdi
		Local.testsettings = Local.testsettings
		TraceAndTestImpact.testsettings = TraceAndTestImpact.testsettings
	EndProjectSection
	ProjectSection(FolderStartupServices) = postProject
		{B4F97281-0DBD-4835-9ED8-7DFB966E87FF} = {B4F97281-0DBD-4835-9ED8-7DFB966E87FF}
	EndProjectSection
EndProject
Project("{FAE04EC0-301F-11D3-BF4B-00C04F79EFBC}") = "Base", "Base\Base.csproj", "{6E50834F-6735-4FDB-BFBE-3F436DB636AB}"
EndProject
Project("{FAE04EC0-301F-11D3-BF4B-00C04F79EFBC}") = "Implementation", "Implementation\Implementation.csproj", "{FC5E430F-C51C-4988-9DE4-278C7579385B}"
EndProject
Project("{FAE04EC0-301F-11D3-BF4B-00C04F79EFBC}") = "UnitTests", "UnitTests\UnitTests.csproj", "{BE2E8CCD-71E9-4A16-92AE-A9BF590DA301}"
EndProject
Project("{FAE04EC0-301F-11D3-BF4B-00C04F79EFBC}") = "UnitTests.TestAssembly", "UnitTests.TestAssembly\UnitTests.TestAssembly.csproj", "{D45633EA-94E9-4D46-A569-1CAC69381F14}"
EndProject
Project("{FAE04EC0-301F-11D3-BF4B-00C04F79EFBC}") = "Web", "Web\Web.csproj", "{122CF7E1-1005-41CF-AF29-DA3550BCF67D}"
EndProject
Project("{FAE04EC0-301F-11D3-BF4B-00C04F79EFBC}") = "PerformanceTests", "PerformanceTests\PerformanceTests.csproj", "{E0F3A1A9-01C8-4AEC-B7E7-43410D8B0F17}"
EndProject
Global
	GlobalSection(SolutionConfigurationPlatforms) = preSolution
		Debug|Any CPU = Debug|Any CPU
		Release|Any CPU = Release|Any CPU
	EndGlobalSection
	GlobalSection(ProjectConfigurationPlatforms) = postSolution
		{6E50834F-6735-4FDB-BFBE-3F436DB636AB}.Debug|Any CPU.ActiveCfg = Debug|Any CPU
		{6E50834F-6735-4FDB-BFBE-3F436DB636AB}.Debug|Any CPU.Build.0 = Debug|Any CPU
		{6E50834F-6735-4FDB-BFBE-3F436DB636AB}.Release|Any CPU.ActiveCfg = Release|Any CPU
		{6E50834F-6735-4FDB-BFBE-3F436DB636AB}.Release|Any CPU.Build.0 = Release|Any CPU
		{FC5E430F-C51C-4988-9DE4-278C7579385B}.Debug|Any CPU.ActiveCfg = Debug|Any CPU
		{FC5E430F-C51C-4988-9DE4-278C7579385B}.Debug|Any CPU.Build.0 = Debug|Any CPU
		{FC5E430F-C51C-4988-9DE4-278C7579385B}.Release|Any CPU.ActiveCfg = Release|Any CPU
		{FC5E430F-C51C-4988-9DE4-278C7579385B}.Release|Any CPU.Build.0 = Release|Any CPU
		{BE2E8CCD-71E9-4A16-92AE-A9BF590DA301}.Debug|Any CPU.ActiveCfg = Debug|Any CPU
		{BE2E8CCD-71E9-4A16-92AE-A9BF590DA301}.Debug|Any CPU.Build.0 = Debug|Any CPU
		{BE2E8CCD-71E9-4A16-92AE-A9BF590DA301}.Release|Any CPU.ActiveCfg = Release|Any CPU
		{BE2E8CCD-71E9-4A16-92AE-A9BF590DA301}.Release|Any CPU.Build.0 = Release|Any CPU
		{D45633EA-94E9-4D46-A569-1CAC69381F14}.Debug|Any CPU.ActiveCfg = Debug|Any CPU
		{D45633EA-94E9-4D46-A569-1CAC69381F14}.Debug|Any CPU.Build.0 = Debug|Any CPU
		{D45633EA-94E9-4D46-A569-1CAC69381F14}.Release|Any CPU.ActiveCfg = Release|Any CPU
		{D45633EA-94E9-4D46-A569-1CAC69381F14}.Release|Any CPU.Build.0 = Release|Any CPU
		{122CF7E1-1005-41CF-AF29-DA3550BCF67D}.Debug|Any CPU.ActiveCfg = Debug|Any CPU
		{122CF7E1-1005-41CF-AF29-DA3550BCF67D}.Debug|Any CPU.Build.0 = Debug|Any CPU
		{122CF7E1-1005-41CF-AF29-DA3550BCF67D}.Release|Any CPU.ActiveCfg = Release|Any CPU
		{122CF7E1-1005-41CF-AF29-DA3550BCF67D}.Release|Any CPU.Build.0 = Release|Any CPU
		{E0F3A1A9-01C8-4AEC-B7E7-43410D8B0F17}.Debug|Any CPU.ActiveCfg = Debug|Any CPU
		{E0F3A1A9-01C8-4AEC-B7E7-43410D8B0F17}.Debug|Any CPU.Build.0 = Debug|Any CPU
		{E0F3A1A9-01C8-4AEC-B7E7-43410D8B0F17}.Release|Any CPU.ActiveCfg = Release|Any CPU
		{E0F3A1A9-01C8-4AEC-B7E7-43410D8B0F17}.Release|Any CPU.Build.0 = Release|Any CPU
	EndGlobalSection
	GlobalSection(SolutionProperties) = preSolution
		HideSolutionNode = FALSE
	EndGlobalSection
	GlobalSection(ExtensibilityGlobals) = postSolution
		SolutionGuid = {27236159-9665-4685-AE49-B7E259B30949}
	EndGlobalSection
	GlobalSection(TestCaseManagementSettings) = postSolution
		CategoryFile = Composer1.vsmdi
	EndGlobalSection
	GlobalSection(TextTemplating) = postSolution
		TextTemplating = 1
	EndGlobalSection
EndGlobal
